
Microsoft Visual Studio Solution File, Format Version 12.00
# Visual Studio 15
VisualStudioVersion = 15.0.28307.438
MinimumVisualStudioVersion = 10.0.40219.1
Project("{FAE04EC0-301F-11D3-BF4B-00C04F79EFBC}") = "MagIndex_Library", "MagIndex_Library\MagIndex_Library.csproj", "{51B7A2C4-3A0E-4B01-9049-F22136C9D4C8}"
EndProject
Global
	GlobalSection(SolutionConfigurationPlatforms) = preSolution
		Debug|Any CPU = Debug|Any CPU
		Release|Any CPU = Release|Any CPU
	EndGlobalSection
	GlobalSection(ProjectConfigurationPlatforms) = postSolution
		{51B7A2C4-3A0E-4B01-9049-F22136C9D4C8}.Debug|Any CPU.ActiveCfg = Debug|Any CPU
		{51B7A2C4-3A0E-4B01-9049-F22136C9D4C8}.Debug|Any CPU.Build.0 = Debug|Any CPU
		{51B7A2C4-3A0E-4B01-9049-F22136C9D4C8}.Release|Any CPU.ActiveCfg = Release|Any CPU
		{51B7A2C4-3A0E-4B01-9049-F22136C9D4C8}.Release|Any CPU.Build.0 = Release|Any CPU
	EndGlobalSection
	GlobalSection(SolutionProperties) = preSolution
		HideSolutionNode = FALSE
	EndGlobalSection
	GlobalSection(ExtensibilityGlobals) = postSolution
		SolutionGuid = {67EC0896-EF5C-4FDF-98AE-1F08F326CD8B}
	EndGlobalSection
EndGlobal
